{
    "version": 3,
    "terraform_version": "0.11.3",
    "serial": 11,
    "lineage": "69235aa3-1901-4a29-ac4c-d7f3a30c4cdd",
    "modules": [
        {
            "path": [
                "root"
            ],
            "outputs": {
                "address": {
                    "sensitive": false,
                    "type": "string",
                    "value": "example-elb-331524173.us-east-1.elb.amazonaws.com"
                }
            },
            "resources": {
                "aws_elb.web": {
                    "type": "aws_elb",
                    "depends_on": [
                        "aws_instance.web",
                        "aws_security_group.elb",
                        "aws_subnet.tf_test_subnet"
                    ],
                    "primary": {
                        "id": "example-elb",
                        "attributes": {
                            "access_logs.#": "0",
                            "arn": "arn:aws:elasticloadbalancing:us-east-1:895608561599:loadbalancer/example-elb",
                            "availability_zones.#": "1",
                            "availability_zones.1305112097": "us-east-1b",
                            "connection_draining": "true",
                            "connection_draining_timeout": "400",
                            "cross_zone_load_balancing": "true",
                            "dns_name": "example-elb-331524173.us-east-1.elb.amazonaws.com",
                            "health_check.#": "1",
                            "health_check.0.healthy_threshold": "2",
                            "health_check.0.interval": "30",
                            "health_check.0.target": "HTTP:80/",
                            "health_check.0.timeout": "3",
                            "health_check.0.unhealthy_threshold": "2",
                            "id": "example-elb",
                            "idle_timeout": "400",
                            "instances.#": "1",
                            "instances.3895317402": "i-0e6c943f6a6b4bc08",
                            "internal": "false",
                            "listener.#": "1",
                            "listener.3057123346.instance_port": "80",
                            "listener.3057123346.instance_protocol": "http",
                            "listener.3057123346.lb_port": "80",
                            "listener.3057123346.lb_protocol": "http",
                            "listener.3057123346.ssl_certificate_id": "",
                            "name": "example-elb",
                            "security_groups.#": "1",
                            "security_groups.3506057289": "sg-fccb288a",
                            "source_security_group": "895608561599/elb_sg",
                            "source_security_group_id": "sg-fccb288a",
                            "subnets.#": "1",
                            "subnets.3581552301": "subnet-633ddb29",
                            "tags.%": "0",
                            "zone_id": "Z35SXDOTRQ7X7K"
                        },
                        "meta": {},
                        "tainted": false
                    },
                    "deposed": [],
                    "provider": "provider.aws"
                },
                "aws_instance.web": {
                    "type": "aws_instance",
                    "depends_on": [
                        "aws_security_group.default",
                        "aws_subnet.tf_test_subnet"
                    ],
                    "primary": {
                        "id": "i-0e6c943f6a6b4bc08",
                        "attributes": {
                            "ami": "ami-428aa838",
                            "associate_public_ip_address": "true",
                            "availability_zone": "us-east-1b",
                            "disable_api_termination": "false",
                            "ebs_block_device.#": "0",
                            "ebs_optimized": "false",
                            "ephemeral_block_device.#": "0",
                            "iam_instance_profile": "",
                            "id": "i-0e6c943f6a6b4bc08",
                            "instance_state": "running",
                            "instance_type": "t2.micro",
                            "ipv6_addresses.#": "0",
                            "key_name": "Burhan",
                            "monitoring": "false",
                            "network_interface.#": "0",
                            "network_interface_id": "eni-3310c92b",
                            "placement_group": "",
                            "primary_network_interface_id": "eni-3310c92b",
                            "private_dns": "ip-10-0-0-50.ec2.internal",
                            "private_ip": "10.0.0.50",
                            "public_dns": "ec2-54-90-111-19.compute-1.amazonaws.com",
                            "public_ip": "54.90.111.19",
                            "root_block_device.#": "1",
                            "root_block_device.0.delete_on_termination": "true",
                            "root_block_device.0.iops": "100",
                            "root_block_device.0.volume_id": "vol-008c8cb2929a88fd7",
                            "root_block_device.0.volume_size": "8",
                            "root_block_device.0.volume_type": "gp2",
                            "security_groups.#": "0",
                            "source_dest_check": "true",
                            "subnet_id": "subnet-633ddb29",
                            "tags.%": "1",
                            "tags.Name": "chef-tour",
                            "tenancy": "default",
                            "user_data": "cf04af16cacefda3d741f7f8b900f7202bd069bd",
                            "volume_tags.%": "0",
                            "vpc_security_group_ids.#": "1",
                            "vpc_security_group_ids.1027017070": "sg-4cfc1f3a"
                        },
                        "meta": {
                            "e2bfb730-ecaa-11e6-8f88-34363bc7c4c0": {
                                "create": 600000000000,
                                "delete": 1200000000000,
                                "update": 600000000000
                            },
                            "schema_version": "1"
                        },
                        "tainted": false
                    },
                    "deposed": [],
                    "provider": "provider.aws"
                },
                "aws_internet_gateway.gw": {
                    "type": "aws_internet_gateway",
                    "depends_on": [
                        "aws_vpc.default"
                    ],
                    "primary": {
                        "id": "igw-cab64db2",
                        "attributes": {
                            "id": "igw-cab64db2",
                            "tags.%": "1",
                            "tags.Name": "tf_test_ig",
                            "vpc_id": "vpc-1b994760"
                        },
                        "meta": {},
                        "tainted": false
                    },
                    "deposed": [],
                    "provider": "provider.aws"
                },
                "aws_lb_cookie_stickiness_policy.default": {
                    "type": "aws_lb_cookie_stickiness_policy",
                    "depends_on": [
                        "aws_elb.web"
                    ],
                    "primary": {
                        "id": "example-elb:80:lbpolicy",
                        "attributes": {
                            "cookie_expiration_period": "600",
                            "id": "example-elb:80:lbpolicy",
                            "lb_port": "80",
                            "load_balancer": "example-elb",
                            "name": "lbpolicy"
                        },
                        "meta": {},
                        "tainted": false
                    },
                    "deposed": [],
                    "provider": "provider.aws"
                },
                "aws_route_table.r": {
                    "type": "aws_route_table",
                    "depends_on": [
                        "aws_internet_gateway.gw",
                        "aws_vpc.default"
                    ],
                    "primary": {
                        "id": "rtb-3d27e741",
                        "attributes": {
                            "id": "rtb-3d27e741",
                            "propagating_vgws.#": "0",
                            "route.#": "1",
                            "route.1893408636.cidr_block": "0.0.0.0/0",
                            "route.1893408636.egress_only_gateway_id": "",
                            "route.1893408636.gateway_id": "igw-cab64db2",
                            "route.1893408636.instance_id": "",
                            "route.1893408636.ipv6_cidr_block": "",
                            "route.1893408636.nat_gateway_id": "",
                            "route.1893408636.network_interface_id": "",
                            "route.1893408636.vpc_peering_connection_id": "",
                            "tags.%": "1",
                            "tags.Name": "aws_route_table",
                            "vpc_id": "vpc-1b994760"
                        },
                        "meta": {},
                        "tainted": false
                    },
                    "deposed": [],
                    "provider": "provider.aws"
                },
                "aws_route_table_association.a": {
                    "type": "aws_route_table_association",
                    "depends_on": [
                        "aws_route_table.r",
                        "aws_subnet.tf_test_subnet"
                    ],
                    "primary": {
                        "id": "rtbassoc-915570ed",
                        "attributes": {
                            "id": "rtbassoc-915570ed",
                            "route_table_id": "rtb-3d27e741",
                            "subnet_id": "subnet-633ddb29"
                        },
                        "meta": {},
                        "tainted": false
                    },
                    "deposed": [],
                    "provider": "provider.aws"
                },
                "aws_security_group.default": {
                    "type": "aws_security_group",
                    "depends_on": [
                        "aws_vpc.default"
                    ],
                    "primary": {
                        "id": "sg-4cfc1f3a",
                        "attributes": {
                            "description": "Used in the terraform",
                            "egress.#": "1",
                            "egress.482069346.cidr_blocks.#": "1",
                            "egress.482069346.cidr_blocks.0": "0.0.0.0/0",
                            "egress.482069346.description": "",
                            "egress.482069346.from_port": "0",
                            "egress.482069346.ipv6_cidr_blocks.#": "0",
                            "egress.482069346.prefix_list_ids.#": "0",
                            "egress.482069346.protocol": "-1",
                            "egress.482069346.security_groups.#": "0",
                            "egress.482069346.self": "false",
                            "egress.482069346.to_port": "0",
                            "id": "sg-4cfc1f3a",
                            "ingress.#": "2",
                            "ingress.2214680975.cidr_blocks.#": "1",
                            "ingress.2214680975.cidr_blocks.0": "0.0.0.0/0",
                            "ingress.2214680975.description": "",
                            "ingress.2214680975.from_port": "80",
                            "ingress.2214680975.ipv6_cidr_blocks.#": "0",
                            "ingress.2214680975.protocol": "tcp",
                            "ingress.2214680975.security_groups.#": "0",
                            "ingress.2214680975.self": "false",
                            "ingress.2214680975.to_port": "80",
                            "ingress.2541437006.cidr_blocks.#": "1",
                            "ingress.2541437006.cidr_blocks.0": "0.0.0.0/0",
                            "ingress.2541437006.description": "",
                            "ingress.2541437006.from_port": "22",
                            "ingress.2541437006.ipv6_cidr_blocks.#": "0",
                            "ingress.2541437006.protocol": "tcp",
                            "ingress.2541437006.security_groups.#": "0",
                            "ingress.2541437006.self": "false",
                            "ingress.2541437006.to_port": "22",
                            "name": "instance_sg",
                            "owner_id": "895608561599",
                            "revoke_rules_on_delete": "false",
                            "tags.%": "0",
                            "vpc_id": "vpc-1b994760"
                        },
                        "meta": {
                            "schema_version": "1"
                        },
                        "tainted": false
                    },
                    "deposed": [],
                    "provider": "provider.aws"
                },
                "aws_security_group.elb": {
                    "type": "aws_security_group",
                    "depends_on": [
                        "aws_internet_gateway.gw",
                        "aws_vpc.default"
                    ],
                    "primary": {
                        "id": "sg-fccb288a",
                        "attributes": {
                            "description": "Used in the terraform",
                            "egress.#": "1",
                            "egress.482069346.cidr_blocks.#": "1",
                            "egress.482069346.cidr_blocks.0": "0.0.0.0/0",
                            "egress.482069346.description": "",
                            "egress.482069346.from_port": "0",
                            "egress.482069346.ipv6_cidr_blocks.#": "0",
                            "egress.482069346.prefix_list_ids.#": "0",
                            "egress.482069346.protocol": "-1",
                            "egress.482069346.security_groups.#": "0",
                            "egress.482069346.self": "false",
                            "egress.482069346.to_port": "0",
                            "id": "sg-fccb288a",
                            "ingress.#": "1",
                            "ingress.2214680975.cidr_blocks.#": "1",
                            "ingress.2214680975.cidr_blocks.0": "0.0.0.0/0",
                            "ingress.2214680975.description": "",
                            "ingress.2214680975.from_port": "80",
                            "ingress.2214680975.ipv6_cidr_blocks.#": "0",
                            "ingress.2214680975.protocol": "tcp",
                            "ingress.2214680975.security_groups.#": "0",
                            "ingress.2214680975.self": "false",
                            "ingress.2214680975.to_port": "80",
                            "name": "elb_sg",
                            "owner_id": "895608561599",
                            "revoke_rules_on_delete": "false",
                            "tags.%": "0",
                            "vpc_id": "vpc-1b994760"
                        },
                        "meta": {
                            "schema_version": "1"
                        },
                        "tainted": false
                    },
                    "deposed": [],
                    "provider": "provider.aws"
                },
                "aws_subnet.tf_test_subnet": {
                    "type": "aws_subnet",
                    "depends_on": [
                        "aws_vpc.default"
                    ],
                    "primary": {
                        "id": "subnet-633ddb29",
                        "attributes": {
                            "assign_ipv6_address_on_creation": "false",
                            "availability_zone": "us-east-1b",
                            "cidr_block": "10.0.0.0/24",
                            "id": "subnet-633ddb29",
                            "map_public_ip_on_launch": "true",
                            "tags.%": "1",
                            "tags.Name": "tf_test_subnet",
                            "vpc_id": "vpc-1b994760"
                        },
                        "meta": {
                            "schema_version": "1"
                        },
                        "tainted": false
                    },
                    "deposed": [],
                    "provider": "provider.aws"
                },
                "aws_vpc.default": {
                    "type": "aws_vpc",
                    "depends_on": [],
                    "primary": {
                        "id": "vpc-1b994760",
                        "attributes": {
                            "assign_generated_ipv6_cidr_block": "false",
                            "cidr_block": "10.0.0.0/16",
                            "default_network_acl_id": "acl-69785012",
                            "default_route_table_id": "rtb-3125e54d",
                            "default_security_group_id": "sg-06cf2c70",
                            "dhcp_options_id": "dopt-31e29549",
                            "enable_classiclink": "false",
                            "enable_classiclink_dns_support": "false",
                            "enable_dns_hostnames": "true",
                            "enable_dns_support": "true",
                            "id": "vpc-1b994760",
                            "instance_tenancy": "default",
                            "main_route_table_id": "rtb-3125e54d",
                            "tags.%": "1",
                            "tags.Name": "tf_test"
                        },
                        "meta": {
                            "schema_version": "1"
                        },
                        "tainted": false
                    },
                    "deposed": [],
                    "provider": "provider.aws"
                }
            },
            "depends_on": []
        }
    ]
}
